// !$*UTF8*$!
{
	archiveVersion = 1;
	classes = {
	};
	objectVersion = 55;
	objects = {

/* Begin PBXBuildFile section */
		3D31C0E32833700A000832D4 /* LoginView.swift in Sources */ = {isa = PBXBuildFile; fileRef = 3D31C0E22833700A000832D4 /* LoginView.swift */; };
		3D67C36F282F7A4700771072 /* coffeehiApp.swift in Sources */ = {isa = PBXBuildFile; fileRef = 3D67C36E282F7A4700771072 /* coffeehiApp.swift */; };
		3D67C371282F7A4700771072 /* ContentView.swift in Sources */ = {isa = PBXBuildFile; fileRef = 3D67C370282F7A4700771072 /* ContentView.swift */; };
		3D67C373282F7A4A00771072 /* Assets.xcassets in Resources */ = {isa = PBXBuildFile; fileRef = 3D67C372282F7A4A00771072 /* Assets.xcassets */; };
		3D67C376282F7A4A00771072 /* Preview Assets.xcassets in Resources */ = {isa = PBXBuildFile; fileRef = 3D67C375282F7A4A00771072 /* Preview Assets.xcassets */; };
		3D67C380282F7AA100771072 /* User.swift in Sources */ = {isa = PBXBuildFile; fileRef = 3D67C37F282F7AA100771072 /* User.swift */; };
		3D67C382282F7B5B00771072 /* Post.swift in Sources */ = {isa = PBXBuildFile; fileRef = 3D67C381282F7B5B00771072 /* Post.swift */; };
		3D85E532283413E500ED7B4A /* NavigationBar.swift in Sources */ = {isa = PBXBuildFile; fileRef = 3D85E531283413E500ED7B4A /* NavigationBar.swift */; };
/* End PBXBuildFile section */

/* Begin PBXFileReference section */
		3D31C0E22833700A000832D4 /* LoginView.swift */ = {isa = PBXFileReference; lastKnownFileType = sourcecode.swift; path = LoginView.swift; sourceTree = "<group>"; };
		3D67C36B282F7A4700771072 /* coffeehi.app */ = {isa = PBXFileReference; explicitFileType = wrapper.application; includeInIndex = 0; path = coffeehi.app; sourceTree = BUILT_PRODUCTS_DIR; };
		3D67C36E282F7A4700771072 /* coffeehiApp.swift */ = {isa = PBXFileReference; lastKnownFileType = sourcecode.swift; path = coffeehiApp.swift; sourceTree = "<group>"; };
		3D67C370282F7A4700771072 /* ContentView.swift */ = {isa = PBXFileReference; lastKnownFileType = sourcecode.swift; path = ContentView.swift; sourceTree = "<group>"; };
		3D67C372282F7A4A00771072 /* Assets.xcassets */ = {isa = PBXFileReference; lastKnownFileType = folder.assetcatalog; path = Assets.xcassets; sourceTree = "<group>"; };
		3D67C375282F7A4A00771072 /* Preview Assets.xcassets */ = {isa = PBXFileReference; lastKnownFileType = folder.assetcatalog; path = "Preview Assets.xcassets"; sourceTree = "<group>"; };
		3D67C37F282F7AA100771072 /* User.swift */ = {isa = PBXFileReference; lastKnownFileType = sourcecode.swift; path = User.swift; sourceTree = "<group>"; };
		3D67C381282F7B5B00771072 /* Post.swift */ = {isa = PBXFileReference; lastKnownFileType = sourcecode.swift; path = Post.swift; sourceTree = "<group>"; };
		3D85E531283413E500ED7B4A /* NavigationBar.swift */ = {isa = PBXFileReference; lastKnownFileType = sourcecode.swift; path = NavigationBar.swift; sourceTree = "<group>"; };
/* End PBXFileReference section */

/* Begin PBXFrameworksBuildPhase section */
		3D67C368282F7A4700771072 /* Frameworks */ = {
			isa = PBXFrameworksBuildPhase;
			buildActionMask = 2147483647;
			files = (
			);
			runOnlyForDeploymentPostprocessing = 0;
		};
/* End PBXFrameworksBuildPhase section */

/* Begin PBXGroup section */
		3D31C0E428337A59000832D4 /* Login */ = {
			isa = PBXGroup;
			children = (
				3D31C0E22833700A000832D4 /* LoginView.swift */,
			);
			path = Login;
			sourceTree = "<group>";
		};
		3D31C0E528337A63000832D4 /* Common */ = {
			isa = PBXGroup;
			children = (
			);
			path = Common;
			sourceTree = "<group>";
		};
		3D67C362282F7A4700771072 = {
			isa = PBXGroup;
			children = (
				3D67C36D282F7A4700771072 /* coffeehi */,
				3D67C36C282F7A4700771072 /* Products */,
			);
			sourceTree = "<group>";
		};
		3D67C36C282F7A4700771072 /* Products */ = {
			isa = PBXGroup;
			children = (
				3D67C36B282F7A4700771072 /* coffeehi.app */,
			);
			name = Products;
			sourceTree = "<group>";
		};
		3D67C36D282F7A4700771072 /* coffeehi */ = {
			isa = PBXGroup;
			children = (
				3D67C36E282F7A4700771072 /* coffeehiApp.swift */,
				3D67C37E282F7A7B00771072 /* Models */,
				3D67C37D282F7A7000771072 /* ViewModels */,
				3D67C37C282F7A6500771072 /* Views */,
				3D67C372282F7A4A00771072 /* Assets.xcassets */,
				3D67C374282F7A4A00771072 /* Preview Content */,
			);
			path = coffeehi;
			sourceTree = "<group>";
		};
		3D67C374282F7A4A00771072 /* Preview Content */ = {
			isa = PBXGroup;
			children = (
				3D67C375282F7A4A00771072 /* Preview Assets.xcassets */,
			);
			path = "Preview Content";
			sourceTree = "<group>";
		};
		3D67C37C282F7A6500771072 /* Views */ = {
			isa = PBXGroup;
			children = (
				3D31C0E528337A63000832D4 /* Common */,
				3D31C0E428337A59000832D4 /* Login */,
				3D67C370282F7A4700771072 /* ContentView.swift */,
				3D85E531283413E500ED7B4A /* NavigationBar.swift */,
			);
			path = Views;
			sourceTree = "<group>";
		};
		3D67C37D282F7A7000771072 /* ViewModels */ = {
			isa = PBXGroup;
			children = (
			);
			name = ViewModels;
			sourceTree = "<group>";
		};
		3D67C37E282F7A7B00771072 /* Models */ = {
			isa = PBXGroup;
			children = (
				3D67C37F282F7AA100771072 /* User.swift */,
				3D67C381282F7B5B00771072 /* Post.swift */,
			);
			path = Models;
			sourceTree = "<group>";
		};
/* End PBXGroup section */

/* Begin PBXNativeTarget section */
		3D67C36A282F7A4700771072 /* coffeehi */ = {
			isa = PBXNativeTarget;
			buildConfigurationList = 3D67C379282F7A4A00771072 /* Build configuration list for PBXNativeTarget "coffeehi" */;
			buildPhases = (
				3D67C367282F7A4700771072 /* Sources */,
				3D67C368282F7A4700771072 /* Frameworks */,
				3D67C369282F7A4700771072 /* Resources */,
			);
			buildRules = (
			);
			dependencies = (
			);
			name = coffeehi;
			productName = coffeehi;
			productReference = 3D67C36B282F7A4700771072 /* coffeehi.app */;
			productType = "com.apple.product-type.application";
		};
/* End PBXNativeTarget section */

/* Begin PBXProject section */
		3D67C363282F7A4700771072 /* Project object */ = {
			isa = PBXProject;
			attributes = {
				BuildIndependentTargetsInParallel = 1;
				LastSwiftUpdateCheck = 1330;
				LastUpgradeCheck = 1330;
				TargetAttributes = {
					3D67C36A282F7A4700771072 = {
						CreatedOnToolsVersion = 13.3.1;
					};
				};
			};
			buildConfigurationList = 3D67C366282F7A4700771072 /* Build configuration list for PBXProject "coffeehi" */;
			compatibilityVersion = "Xcode 13.0";
			developmentRegion = en;
			hasScannedForEncodings = 0;
			knownRegions = (
				en,
				Base,
			);
			mainGroup = 3D67C362282F7A4700771072;
			productRefGroup = 3D67C36C282F7A4700771072 /* Products */;
			projectDirPath = "";
			projectRoot = "";
			targets = (
				3D67C36A282F7A4700771072 /* coffeehi */,
			);
		};
/* End PBXProject section */

/* Begin PBXResourcesBuildPhase section */
		3D67C369282F7A4700771072 /* Resources */ = {
			isa = PBXResourcesBuildPhase;
			buildActionMask = 2147483647;
			files = (
				3D67C376282F7A4A00771072 /* Preview Assets.xcassets in Resources */,
				3D67C373282F7A4A00771072 /* Assets.xcassets in Resources */,
			);
			runOnlyForDeploymentPostprocessing = 0;
		};
/* End PBXResourcesBuildPhase section */

/* Begin PBXSourcesBuildPhase section */
		3D67C367282F7A4700771072 /* Sources */ = {
			isa = PBXSourcesBuildPhase;
			buildActionMask = 2147483647;
			files = (
				3D67C371282F7A4700771072 /* ContentView.swift in Sources */,
				3D67C382282F7B5B00771072 /* Post.swift in Sources */,
				3D67C380282F7AA100771072 /* User.swift in Sources */,
				3D31C0E32833700A000832D4 /* LoginView.swift in Sources */,
				3D67C36F282F7A4700771072 /* coffeehiApp.swift in Sources */,
				3D85E532283413E500ED7B4A /* NavigationBar.swift in Sources */,
			);
			runOnlyForDeploymentPostprocessing = 0;
		};
/* End PBXSourcesBuildPhase section */

/* Begin XCBuildConfiguration section */
		3D67C377282F7A4A00771072 /* Debug */ = {
			isa = XCBuildConfiguration;
			buildSettings = {
				ALWAYS_SEARCH_USER_PATHS = NO;
				CLANG_ANALYZER_NONNULL = YES;
				CLANG_ANALYZER_NUMBER_OBJECT_CONVERSION = YES_AGGRESSIVE;
				CLANG_CXX_LANGUAGE_STANDARD = "gnu++17";
				CLANG_ENABLE_MODULES = YES;
				CLANG_ENABLE_OBJC_ARC = YES;
				CLANG_ENABLE_OBJC_WEAK = YES;
				CLANG_WARN_BLOCK_CAPTURE_AUTORELEASING = YES;
				CLANG_WARN_BOOL_CONVERSION = YES;
				CLANG_WARN_COMMA = YES;
				CLANG_WARN_CONSTANT_CONVERSION = YES;
				CLANG_WARN_DEPRECATED_OBJC_IMPLEMENTATIONS = YES;
				CLANG_WARN_DIRECT_OBJC_ISA_USAGE = YES_ERROR;
				CLANG_WARN_DOCUMENTATION_COMMENTS = YES;
				CLANG_WARN_EMPTY_BODY = YES;
				CLANG_WARN_ENUM_CONVERSION = YES;
				CLANG_WARN_INFINITE_RECURSION = YES;
				CLANG_WARN_INT_CONVERSION = YES;
				CLANG_WARN_NON_LITERAL_NULL_CONVERSION = YES;
				CLANG_WARN_OBJC_IMPLICIT_RETAIN_SELF = YES;
				CLANG_WARN_OBJC_LITERAL_CONVERSION = YES;
				CLANG_WARN_OBJC_ROOT_CLASS = YES_ERROR;
				CLANG_WARN_QUOTED_INCLUDE_IN_FRAMEWORK_HEADER = YES;
				CLANG_WARN_RANGE_LOOP_ANALYSIS = YES;
				CLANG_WARN_STRICT_PROTOTYPES = YES;
				CLANG_WARN_SUSPICIOUS_MOVE = YES;
				CLANG_WARN_UNGUARDED_AVAILABILITY = YES_AGGRESSIVE;
				CLANG_WARN_UNREACHABLE_CODE = YES;
				CLANG_WARN__DUPLICATE_METHOD_MATCH = YES;
				COPY_PHASE_STRIP = NO;
				DEBUG_INFORMATION_FORMAT = dwarf;
				ENABLE_STRICT_OBJC_MSGSEND = YES;
				ENABLE_TESTABILITY = YES;
				GCC_C_LANGUAGE_STANDARD = gnu11;
				GCC_DYNAMIC_NO_PIC = NO;
				GCC_NO_COMMON_BLOCKS = YES;
				GCC_OPTIMIZATION_LEVEL = 0;
				GCC_PREPROCESSOR_DEFINITIONS = (
					"DEBUG=1",
					"$(inherited)",
				);
				GCC_WARN_64_TO_32_BIT_CONVERSION = YES;
				GCC_WARN_ABOUT_RETURN_TYPE = YES_ERROR;
				GCC_WARN_UNDECLARED_SELECTOR = YES;
				GCC_WARN_UNINITIALIZED_AUTOS = YES_AGGRESSIVE;
				GCC_WARN_UNUSED_FUNCTION = YES;
				GCC_WARN_UNUSED_VARIABLE = YES;
				IPHONEOS_DEPLOYMENT_TARGET = 15.4;
				MTL_ENABLE_DEBUG_INFO = INCLUDE_SOURCE;
				MTL_FAST_MATH = YES;
				ONLY_ACTIVE_ARCH = YES;
				SDKROOT = iphoneos;
				SWIFT_ACTIVE_COMPILATION_CONDITIONS = DEBUG;
				SWIFT_OPTIMIZATION_LEVEL = "-Onone";
			};
			name = Debug;
		};
		3D67C378282F7A4A00771072 /* Release */ = {
			isa = XCBuildConfiguration;
			buildSettings = {
				ALWAYS_SEARCH_USER_PATHS = NO;
				CLANG_ANALYZER_NONNULL = YES;
				CLANG_ANALYZER_NUMBER_OBJECT_CONVERSION = YES_AGGRESSIVE;
				CLANG_CXX_LANGUAGE_STANDARD = "gnu++17";
				CLANG_ENABLE_MODULES = YES;
				CLANG_ENABLE_OBJC_ARC = YES;
				CLANG_ENABLE_OBJC_WEAK = YES;
				CLANG_WARN_BLOCK_CAPTURE_AUTORELEASING = YES;
				CLANG_WARN_BOOL_CONVERSION = YES;
				CLANG_WARN_COMMA = YES;
				CLANG_WARN_CONSTANT_CONVERSION = YES;
				CLANG_WARN_DEPRECATED_OBJC_IMPLEMENTATIONS = YES;
				CLANG_WARN_DIRECT_OBJC_ISA_USAGE = YES_ERROR;
				CLANG_WARN_DOCUMENTATION_COMMENTS = YES;
				CLANG_WARN_EMPTY_BODY = YES;
				CLANG_WARN_ENUM_CONVERSION = YES;
				CLANG_WARN_INFINITE_RECURSION = YES;
				CLANG_WARN_INT_CONVERSION = YES;
				CLANG_WARN_NON_LITERAL_NULL_CONVERSION = YES;
				CLANG_WARN_OBJC_IMPLICIT_RETAIN_SELF = YES;
				CLANG_WARN_OBJC_LITERAL_CONVERSION = YES;
				CLANG_WARN_OBJC_ROOT_CLASS = YES_ERROR;
				CLANG_WARN_QUOTED_INCLUDE_IN_FRAMEWORK_HEADER = YES;
				CLANG_WARN_RANGE_LOOP_ANALYSIS = YES;
				CLANG_WARN_STRICT_PROTOTYPES = YES;
				CLANG_WARN_SUSPICIOUS_MOVE = YES;
				CLANG_WARN_UNGUARDED_AVAILABILITY = YES_AGGRESSIVE;
				CLANG_WARN_UNREACHABLE_CODE = YES;
				CLANG_WARN__DUPLICATE_METHOD_MATCH = YES;
				COPY_PHASE_STRIP = NO;
				DEBUG_INFORMATION_FORMAT = "dwarf-with-dsym";
				ENABLE_NS_ASSERTIONS = NO;
				ENABLE_STRICT_OBJC_MSGSEND = YES;
				GCC_C_LANGUAGE_STANDARD = gnu11;
				GCC_NO_COMMON_BLOCKS = YES;
				GCC_WARN_64_TO_32_BIT_CONVERSION = YES;
				GCC_WARN_ABOUT_RETURN_TYPE = YES_ERROR;
				GCC_WARN_UNDECLARED_SELECTOR = YES;
				GCC_WARN_UNINITIALIZED_AUTOS = YES_AGGRESSIVE;
				GCC_WARN_UNUSED_FUNCTION = YES;
				GCC_WARN_UNUSED_VARIABLE = YES;
				IPHONEOS_DEPLOYMENT_TARGET = 15.4;
				MTL_ENABLE_DEBUG_INFO = NO;
				MTL_FAST_MATH = YES;
				SDKROOT = iphoneos;
				SWIFT_COMPILATION_MODE = wholemodule;
				SWIFT_OPTIMIZATION_LEVEL = "-O";
				VALIDATE_PRODUCT = YES;
			};
			name = Release;
		};
		3D67C37A282F7A4A00771072 /* Debug */ = {
			isa = XCBuildConfiguration;
			buildSettings = {
				ASSETCATALOG_COMPILER_APPICON_NAME = AppIcon;
				ASSETCATALOG_COMPILER_GLOBAL_ACCENT_COLOR_NAME = AccentColor;
				CODE_SIGN_STYLE = Automatic;
				CURRENT_PROJECT_VERSION = 1;
				DEVELOPMENT_ASSET_PATHS = "\"coffeehi/Preview Content\"";
				DEVELOPMENT_TEAM = 565T396J3V;
				ENABLE_PREVIEWS = YES;
				GENERATE_INFOPLIST_FILE = YES;
				INFOPLIST_KEY_UIApplicationSceneManifest_Generation = YES;
				INFOPLIST_KEY_UIApplicationSupportsIndirectInputEvents = YES;
				INFOPLIST_KEY_UILaunchScreen_Generation = YES;
				INFOPLIST_KEY_UISupportedInterfaceOrientations_iPad = "UIInterfaceOrientationPortrait UIInterfaceOrientationPortraitUpsideDown UIInterfaceOrientationLandscapeLeft UIInterfaceOrientationLandscapeRight";
				INFOPLIST_KEY_UISupportedInterfaceOrientations_iPhone = "UIInterfaceOrientationPortrait UIInterfaceOrientationLandscapeLeft UIInterfaceOrientationLandscapeRight";
				LD_RUNPATH_SEARCH_PATHS = (
					"$(inherited)",
					"@executable_path/Frameworks",
				);
				MARKETING_VERSION = 1.0;
				PRODUCT_BUNDLE_IDENTIFIER = dev.lyndipc.coffeehi;
				PRODUCT_NAME = "$(TARGET_NAME)";
				SWIFT_EMIT_LOC_STRINGS = YES;
				SWIFT_VERSION = 5.0;
				TARGETED_DEVICE_FAMILY = "1,2";
			};
			name = Debug;
		};
		3D67C37B282F7A4A00771072 /* Release */ = {
			isa = XCBuildConfiguration;
			buildSettings = {
				ASSETCATALOG_COMPILER_APPICON_NAME = AppIcon;
				ASSETCATALOG_COMPILER_GLOBAL_ACCENT_COLOR_NAME = AccentColor;
				CODE_SIGN_STYLE = Automatic;
				CURRENT_PROJECT_VERSION = 1;
				DEVELOPMENT_ASSET_PATHS = "\"coffeehi/Preview Content\"";
				DEVELOPMENT_TEAM = 565T396J3V;
				ENABLE_PREVIEWS = YES;
				GENERATE_INFOPLIST_FILE = YES;
				INFOPLIST_KEY_UIApplicationSceneManifest_Generation = YES;
				INFOPLIST_KEY_UIApplicationSupportsIndirectInputEvents = YES;
				INFOPLIST_KEY_UILaunchScreen_Generation = YES;
				INFOPLIST_KEY_UISupportedInterfaceOrientations_iPad = "UIInterfaceOrientationPortrait UIInterfaceOrientationPortraitUpsideDown UIInterfaceOrientationLandscapeLeft UIInterfaceOrientationLandscapeRight";
				INFOPLIST_KEY_UISupportedInterfaceOrientations_iPhone = "UIInterfaceOrientationPortrait UIInterfaceOrientationLandscapeLeft UIInterfaceOrientationLandscapeRight";
				LD_RUNPATH_SEARCH_PATHS = (
					"$(inherited)",
					"@executable_path/Frameworks",
				);
				MARKETING_VERSION = 1.0;
				PRODUCT_BUNDLE_IDENTIFIER = dev.lyndipc.coffeehi;
				PRODUCT_NAME = "$(TARGET_NAME)";
				SWIFT_EMIT_LOC_STRINGS = YES;
				SWIFT_VERSION = 5.0;
				TARGETED_DEVICE_FAMILY = "1,2";
			};
			name = Release;
		};
/* End XCBuildConfiguration section */

/* Begin XCConfigurationList section */
		3D67C366282F7A4700771072 /* Build configuration list for PBXProject "coffeehi" */ = {
			isa = XCConfigurationList;
			buildConfigurations = (
				3D67C377282F7A4A00771072 /* Debug */,
				3D67C378282F7A4A00771072 /* Release */,
			);
			defaultConfigurationIsVisible = 0;
			defaultConfigurationName = Release;
		};
		3D67C379282F7A4A00771072 /* Build configuration list for PBXNativeTarget "coffeehi" */ = {
			isa = XCConfigurationList;
			buildConfigurations = (
				3D67C37A282F7A4A00771072 /* Debug */,
				3D67C37B282F7A4A00771072 /* Release */,
			);
			defaultConfigurationIsVisible = 0;
			defaultConfigurationName = Release;
		};
/* End XCConfigurationList section */
	};
	rootObject = 3D67C363282F7A4700771072 /* Project object */;
}
